
Microsoft Visual Studio Solution File, Format Version 12.00
# Visual Studio Version 17
VisualStudioVersion = 17.13.35931.197 d17.13
MinimumVisualStudioVersion = 10.0.40219.1
Project("{8BC9CEB8-8B4A-11D0-8D11-00A0C91BC942}") = "04_01", "04_01.vcxproj", "{1C775B57-2D72-4E97-A138-FC6AF8F9A86B}"
EndProject
Global
	GlobalSection(SolutionConfigurationPlatforms) = preSolution
		Debug|x64 = Debug|x64
		Release|x64 = Release|x64
	EndGlobalSection
	GlobalSection(ProjectConfigurationPlatforms) = postSolution
		{1C775B57-2D72-4E97-A138-FC6AF8F9A86B}.Debug|x64.ActiveCfg = Debug|x64
		{1C775B57-2D72-4E97-A138-FC6AF8F9A86B}.Debug|x64.Build.0 = Debug|x64
		{1C775B57-2D72-4E97-A138-FC6AF8F9A86B}.Release|x64.ActiveCfg = Release|x64
		{1C775B57-2D72-4E97-A138-FC6AF8F9A86B}.Release|x64.Build.0 = Release|x64
	EndGlobalSection
	GlobalSection(SolutionProperties) = preSolution
		HideSolutionNode = FALSE
	EndGlobalSection
	GlobalSection(ExtensibilityGlobals) = postSolution
		SolutionGuid = {6EC478A6-1233-4545-A317-62E0088AD6CF}
	EndGlobalSection
EndGlobal
